
Microsoft Visual Studio Solution File, Format Version 12.00
# Visual Studio 14
VisualStudioVersion = 14.0.25420.1
MinimumVisualStudioVersion = 10.0.40219.1
Project("{FAE04EC0-301F-11D3-BF4B-00C04F79EFBC}") = "TraxxPlayer", "TraxxPlayer\TraxxPlayer.csproj", "{003BE99B-63BB-4912-A4A6-CD0A02EDC387}"
EndProject
Project("{FAE04EC0-301F-11D3-BF4B-00C04F79EFBC}") = "BackgroundAudioShared", "BackgroundAudioShared\BackgroundAudioShared.csproj", "{62C43640-D9FB-41B8-81B7-A02BE8FACD09}"
EndProject
Project("{FAE04EC0-301F-11D3-BF4B-00C04F79EFBC}") = "BackgroundAudioTask", "BackgroundAudioTask\BackgroundAudioTask.csproj", "{8D0109B3-FEA4-4740-B850-24A1522348CB}"
EndProject
Project("{FAE04EC0-301F-11D3-BF4B-00C04F79EFBC}") = "TraxxPlayer.Data", "TraxxPlayer.Data\TraxxPlayer.Data.csproj", "{995CD735-2024-435E-9709-C29E9550F8FB}"
EndProject
Project("{FAE04EC0-301F-11D3-BF4B-00C04F79EFBC}") = "TraxxPlayer.Services", "TraxxPlayer.Services\TraxxPlayer.Services.csproj", "{CB70DDCF-AAE7-4DD5-8E51-675B86DC1234}"
EndProject
Global
	GlobalSection(SolutionConfigurationPlatforms) = preSolution
		Debug|Any CPU = Debug|Any CPU
		Debug|ARM = Debug|ARM
		Debug|x64 = Debug|x64
		Debug|x86 = Debug|x86
		Release|Any CPU = Release|Any CPU
		Release|ARM = Release|ARM
		Release|x64 = Release|x64
		Release|x86 = Release|x86
	EndGlobalSection
	GlobalSection(ProjectConfigurationPlatforms) = postSolution
		{003BE99B-63BB-4912-A4A6-CD0A02EDC387}.Debug|Any CPU.ActiveCfg = Debug|x86
		{003BE99B-63BB-4912-A4A6-CD0A02EDC387}.Debug|ARM.ActiveCfg = Debug|ARM
		{003BE99B-63BB-4912-A4A6-CD0A02EDC387}.Debug|ARM.Build.0 = Debug|ARM
		{003BE99B-63BB-4912-A4A6-CD0A02EDC387}.Debug|ARM.Deploy.0 = Debug|ARM
		{003BE99B-63BB-4912-A4A6-CD0A02EDC387}.Debug|x64.ActiveCfg = Debug|x64
		{003BE99B-63BB-4912-A4A6-CD0A02EDC387}.Debug|x64.Build.0 = Debug|x64
		{003BE99B-63BB-4912-A4A6-CD0A02EDC387}.Debug|x64.Deploy.0 = Debug|x64
		{003BE99B-63BB-4912-A4A6-CD0A02EDC387}.Debug|x86.ActiveCfg = Debug|x86
		{003BE99B-63BB-4912-A4A6-CD0A02EDC387}.Debug|x86.Build.0 = Debug|x86
		{003BE99B-63BB-4912-A4A6-CD0A02EDC387}.Debug|x86.Deploy.0 = Debug|x86
		{003BE99B-63BB-4912-A4A6-CD0A02EDC387}.Release|Any CPU.ActiveCfg = Release|x86
		{003BE99B-63BB-4912-A4A6-CD0A02EDC387}.Release|ARM.ActiveCfg = Release|ARM
		{003BE99B-63BB-4912-A4A6-CD0A02EDC387}.Release|ARM.Build.0 = Release|ARM
		{003BE99B-63BB-4912-A4A6-CD0A02EDC387}.Release|ARM.Deploy.0 = Release|ARM
		{003BE99B-63BB-4912-A4A6-CD0A02EDC387}.Release|x64.ActiveCfg = Release|x64
		{003BE99B-63BB-4912-A4A6-CD0A02EDC387}.Release|x64.Build.0 = Release|x64
		{003BE99B-63BB-4912-A4A6-CD0A02EDC387}.Release|x64.Deploy.0 = Release|x64
		{003BE99B-63BB-4912-A4A6-CD0A02EDC387}.Release|x86.ActiveCfg = Release|x86
		{003BE99B-63BB-4912-A4A6-CD0A02EDC387}.Release|x86.Build.0 = Release|x86
		{003BE99B-63BB-4912-A4A6-CD0A02EDC387}.Release|x86.Deploy.0 = Release|x86
		{62C43640-D9FB-41B8-81B7-A02BE8FACD09}.Debug|Any CPU.ActiveCfg = Debug|x86
		{62C43640-D9FB-41B8-81B7-A02BE8FACD09}.Debug|ARM.ActiveCfg = Debug|ARM
		{62C43640-D9FB-41B8-81B7-A02BE8FACD09}.Debug|ARM.Build.0 = Debug|ARM
		{62C43640-D9FB-41B8-81B7-A02BE8FACD09}.Debug|x64.ActiveCfg = Debug|x64
		{62C43640-D9FB-41B8-81B7-A02BE8FACD09}.Debug|x64.Build.0 = Debug|x64
		{62C43640-D9FB-41B8-81B7-A02BE8FACD09}.Debug|x86.ActiveCfg = Debug|x86
		{62C43640-D9FB-41B8-81B7-A02BE8FACD09}.Debug|x86.Build.0 = Debug|x86
		{62C43640-D9FB-41B8-81B7-A02BE8FACD09}.Release|Any CPU.ActiveCfg = Release|x86
		{62C43640-D9FB-41B8-81B7-A02BE8FACD09}.Release|ARM.ActiveCfg = Release|ARM
		{62C43640-D9FB-41B8-81B7-A02BE8FACD09}.Release|ARM.Build.0 = Release|ARM
		{62C43640-D9FB-41B8-81B7-A02BE8FACD09}.Release|x64.ActiveCfg = Release|x64
		{62C43640-D9FB-41B8-81B7-A02BE8FACD09}.Release|x64.Build.0 = Release|x64
		{62C43640-D9FB-41B8-81B7-A02BE8FACD09}.Release|x86.ActiveCfg = Release|x86
		{62C43640-D9FB-41B8-81B7-A02BE8FACD09}.Release|x86.Build.0 = Release|x86
		{8D0109B3-FEA4-4740-B850-24A1522348CB}.Debug|Any CPU.ActiveCfg = Debug|x86
		{8D0109B3-FEA4-4740-B850-24A1522348CB}.Debug|ARM.ActiveCfg = Debug|ARM
		{8D0109B3-FEA4-4740-B850-24A1522348CB}.Debug|ARM.Build.0 = Debug|ARM
		{8D0109B3-FEA4-4740-B850-24A1522348CB}.Debug|x64.ActiveCfg = Debug|x64
		{8D0109B3-FEA4-4740-B850-24A1522348CB}.Debug|x64.Build.0 = Debug|x64
		{8D0109B3-FEA4-4740-B850-24A1522348CB}.Debug|x86.ActiveCfg = Debug|x86
		{8D0109B3-FEA4-4740-B850-24A1522348CB}.Debug|x86.Build.0 = Debug|x86
		{8D0109B3-FEA4-4740-B850-24A1522348CB}.Release|Any CPU.ActiveCfg = Release|x86
		{8D0109B3-FEA4-4740-B850-24A1522348CB}.Release|ARM.ActiveCfg = Release|ARM
		{8D0109B3-FEA4-4740-B850-24A1522348CB}.Release|ARM.Build.0 = Release|ARM
		{8D0109B3-FEA4-4740-B850-24A1522348CB}.Release|x64.ActiveCfg = Release|x64
		{8D0109B3-FEA4-4740-B850-24A1522348CB}.Release|x64.Build.0 = Release|x64
		{8D0109B3-FEA4-4740-B850-24A1522348CB}.Release|x86.ActiveCfg = Release|x86
		{8D0109B3-FEA4-4740-B850-24A1522348CB}.Release|x86.Build.0 = Release|x86
		{995CD735-2024-435E-9709-C29E9550F8FB}.Debug|Any CPU.ActiveCfg = Debug|Any CPU
		{995CD735-2024-435E-9709-C29E9550F8FB}.Debug|Any CPU.Build.0 = Debug|Any CPU
		{995CD735-2024-435E-9709-C29E9550F8FB}.Debug|ARM.ActiveCfg = Debug|ARM
		{995CD735-2024-435E-9709-C29E9550F8FB}.Debug|ARM.Build.0 = Debug|ARM
		{995CD735-2024-435E-9709-C29E9550F8FB}.Debug|x64.ActiveCfg = Debug|x64
		{995CD735-2024-435E-9709-C29E9550F8FB}.Debug|x64.Build.0 = Debug|x64
		{995CD735-2024-435E-9709-C29E9550F8FB}.Debug|x86.ActiveCfg = Debug|x86
		{995CD735-2024-435E-9709-C29E9550F8FB}.Debug|x86.Build.0 = Debug|x86
		{995CD735-2024-435E-9709-C29E9550F8FB}.Release|Any CPU.ActiveCfg = Release|Any CPU
		{995CD735-2024-435E-9709-C29E9550F8FB}.Release|Any CPU.Build.0 = Release|Any CPU
		{995CD735-2024-435E-9709-C29E9550F8FB}.Release|ARM.ActiveCfg = Release|ARM
		{995CD735-2024-435E-9709-C29E9550F8FB}.Release|ARM.Build.0 = Release|ARM
		{995CD735-2024-435E-9709-C29E9550F8FB}.Release|x64.ActiveCfg = Release|x64
		{995CD735-2024-435E-9709-C29E9550F8FB}.Release|x64.Build.0 = Release|x64
		{995CD735-2024-435E-9709-C29E9550F8FB}.Release|x86.ActiveCfg = Release|x86
		{995CD735-2024-435E-9709-C29E9550F8FB}.Release|x86.Build.0 = Release|x86
		{CB70DDCF-AAE7-4DD5-8E51-675B86DC1234}.Debug|Any CPU.ActiveCfg = Debug|Any CPU
		{CB70DDCF-AAE7-4DD5-8E51-675B86DC1234}.Debug|Any CPU.Build.0 = Debug|Any CPU
		{CB70DDCF-AAE7-4DD5-8E51-675B86DC1234}.Debug|ARM.ActiveCfg = Debug|ARM
		{CB70DDCF-AAE7-4DD5-8E51-675B86DC1234}.Debug|ARM.Build.0 = Debug|ARM
		{CB70DDCF-AAE7-4DD5-8E51-675B86DC1234}.Debug|x64.ActiveCfg = Debug|x64
		{CB70DDCF-AAE7-4DD5-8E51-675B86DC1234}.Debug|x64.Build.0 = Debug|x64
		{CB70DDCF-AAE7-4DD5-8E51-675B86DC1234}.Debug|x86.ActiveCfg = Debug|x86
		{CB70DDCF-AAE7-4DD5-8E51-675B86DC1234}.Debug|x86.Build.0 = Debug|x86
		{CB70DDCF-AAE7-4DD5-8E51-675B86DC1234}.Release|Any CPU.ActiveCfg = Release|Any CPU
		{CB70DDCF-AAE7-4DD5-8E51-675B86DC1234}.Release|Any CPU.Build.0 = Release|Any CPU
		{CB70DDCF-AAE7-4DD5-8E51-675B86DC1234}.Release|ARM.ActiveCfg = Release|ARM
		{CB70DDCF-AAE7-4DD5-8E51-675B86DC1234}.Release|ARM.Build.0 = Release|ARM
		{CB70DDCF-AAE7-4DD5-8E51-675B86DC1234}.Release|x64.ActiveCfg = Release|x64
		{CB70DDCF-AAE7-4DD5-8E51-675B86DC1234}.Release|x64.Build.0 = Release|x64
		{CB70DDCF-AAE7-4DD5-8E51-675B86DC1234}.Release|x86.ActiveCfg = Release|x86
		{CB70DDCF-AAE7-4DD5-8E51-675B86DC1234}.Release|x86.Build.0 = Release|x86
	EndGlobalSection
	GlobalSection(SolutionProperties) = preSolution
		HideSolutionNode = FALSE
	EndGlobalSection
EndGlobal
