
Microsoft Visual Studio Solution File, Format Version 12.00
# Visual Studio 14
VisualStudioVersion = 14.0.25123.0
MinimumVisualStudioVersion = 10.0.40219.1
Project("{FAE04EC0-301F-11D3-BF4B-00C04F79EFBC}") = "TraxxPlayer", "TraxxPlayer\TraxxPlayer.csproj", "{003BE99B-63BB-4912-A4A6-CD0A02EDC387}"
EndProject
Project("{FAE04EC0-301F-11D3-BF4B-00C04F79EFBC}") = "BackgroundAudioShared", "..\..\Windows10-UWP-master (1)\Windows10-UWP-master\MusicPlayer\BackgroundAudioShared\BackgroundAudioShared.csproj", "{62C43640-D9FB-41B8-81B7-A02BE8FACD09}"
EndProject
Project("{FAE04EC0-301F-11D3-BF4B-00C04F79EFBC}") = "BackgroundAudioTask", "..\..\Windows10-UWP-master (1)\Windows10-UWP-master\MusicPlayer\BackgroundAudioTask\BackgroundAudioTask.csproj", "{8D0109B3-FEA4-4740-B850-24A1522348CB}"
EndProject
Global
	GlobalSection(SolutionConfigurationPlatforms) = preSolution
		Debug|ARM = Debug|ARM
		Debug|x64 = Debug|x64
		Debug|x86 = Debug|x86
		Release|ARM = Release|ARM
		Release|x64 = Release|x64
		Release|x86 = Release|x86
	EndGlobalSection
	GlobalSection(ProjectConfigurationPlatforms) = postSolution
		{003BE99B-63BB-4912-A4A6-CD0A02EDC387}.Debug|ARM.ActiveCfg = Debug|ARM
		{003BE99B-63BB-4912-A4A6-CD0A02EDC387}.Debug|ARM.Build.0 = Debug|ARM
		{003BE99B-63BB-4912-A4A6-CD0A02EDC387}.Debug|ARM.Deploy.0 = Debug|ARM
		{003BE99B-63BB-4912-A4A6-CD0A02EDC387}.Debug|x64.ActiveCfg = Debug|x64
		{003BE99B-63BB-4912-A4A6-CD0A02EDC387}.Debug|x64.Build.0 = Debug|x64
		{003BE99B-63BB-4912-A4A6-CD0A02EDC387}.Debug|x64.Deploy.0 = Debug|x64
		{003BE99B-63BB-4912-A4A6-CD0A02EDC387}.Debug|x86.ActiveCfg = Debug|x86
		{003BE99B-63BB-4912-A4A6-CD0A02EDC387}.Debug|x86.Build.0 = Debug|x86
		{003BE99B-63BB-4912-A4A6-CD0A02EDC387}.Debug|x86.Deploy.0 = Debug|x86
		{003BE99B-63BB-4912-A4A6-CD0A02EDC387}.Release|ARM.ActiveCfg = Release|ARM
		{003BE99B-63BB-4912-A4A6-CD0A02EDC387}.Release|ARM.Build.0 = Release|ARM
		{003BE99B-63BB-4912-A4A6-CD0A02EDC387}.Release|ARM.Deploy.0 = Release|ARM
		{003BE99B-63BB-4912-A4A6-CD0A02EDC387}.Release|x64.ActiveCfg = Release|x64
		{003BE99B-63BB-4912-A4A6-CD0A02EDC387}.Release|x64.Build.0 = Release|x64
		{003BE99B-63BB-4912-A4A6-CD0A02EDC387}.Release|x64.Deploy.0 = Release|x64
		{003BE99B-63BB-4912-A4A6-CD0A02EDC387}.Release|x86.ActiveCfg = Release|x86
		{003BE99B-63BB-4912-A4A6-CD0A02EDC387}.Release|x86.Build.0 = Release|x86
		{003BE99B-63BB-4912-A4A6-CD0A02EDC387}.Release|x86.Deploy.0 = Release|x86
		{62C43640-D9FB-41B8-81B7-A02BE8FACD09}.Debug|ARM.ActiveCfg = Debug|ARM
		{62C43640-D9FB-41B8-81B7-A02BE8FACD09}.Debug|ARM.Build.0 = Debug|ARM
		{62C43640-D9FB-41B8-81B7-A02BE8FACD09}.Debug|x64.ActiveCfg = Debug|x64
		{62C43640-D9FB-41B8-81B7-A02BE8FACD09}.Debug|x64.Build.0 = Debug|x64
		{62C43640-D9FB-41B8-81B7-A02BE8FACD09}.Debug|x86.ActiveCfg = Debug|x86
		{62C43640-D9FB-41B8-81B7-A02BE8FACD09}.Debug|x86.Build.0 = Debug|x86
		{62C43640-D9FB-41B8-81B7-A02BE8FACD09}.Release|ARM.ActiveCfg = Release|ARM
		{62C43640-D9FB-41B8-81B7-A02BE8FACD09}.Release|ARM.Build.0 = Release|ARM
		{62C43640-D9FB-41B8-81B7-A02BE8FACD09}.Release|x64.ActiveCfg = Release|x64
		{62C43640-D9FB-41B8-81B7-A02BE8FACD09}.Release|x64.Build.0 = Release|x64
		{62C43640-D9FB-41B8-81B7-A02BE8FACD09}.Release|x86.ActiveCfg = Release|x86
		{62C43640-D9FB-41B8-81B7-A02BE8FACD09}.Release|x86.Build.0 = Release|x86
		{8D0109B3-FEA4-4740-B850-24A1522348CB}.Debug|ARM.ActiveCfg = Debug|ARM
		{8D0109B3-FEA4-4740-B850-24A1522348CB}.Debug|ARM.Build.0 = Debug|ARM
		{8D0109B3-FEA4-4740-B850-24A1522348CB}.Debug|x64.ActiveCfg = Debug|x64
		{8D0109B3-FEA4-4740-B850-24A1522348CB}.Debug|x64.Build.0 = Debug|x64
		{8D0109B3-FEA4-4740-B850-24A1522348CB}.Debug|x86.ActiveCfg = Debug|x86
		{8D0109B3-FEA4-4740-B850-24A1522348CB}.Debug|x86.Build.0 = Debug|x86
		{8D0109B3-FEA4-4740-B850-24A1522348CB}.Release|ARM.ActiveCfg = Release|ARM
		{8D0109B3-FEA4-4740-B850-24A1522348CB}.Release|ARM.Build.0 = Release|ARM
		{8D0109B3-FEA4-4740-B850-24A1522348CB}.Release|x64.ActiveCfg = Release|x64
		{8D0109B3-FEA4-4740-B850-24A1522348CB}.Release|x64.Build.0 = Release|x64
		{8D0109B3-FEA4-4740-B850-24A1522348CB}.Release|x86.ActiveCfg = Release|x86
		{8D0109B3-FEA4-4740-B850-24A1522348CB}.Release|x86.Build.0 = Release|x86
	EndGlobalSection
	GlobalSection(SolutionProperties) = preSolution
		HideSolutionNode = FALSE
	EndGlobalSection
EndGlobal
